
Microsoft Visual Studio Solution File, Format Version 12.00
# Visual Studio 15
VisualStudioVersion = 15.0.28010.2046
MinimumVisualStudioVersion = 10.0.40219.1
Project("{8BC9CEB8-8B4A-11D0-8D11-00A0C91BC942}") = "Test24-10-2018", "Test24-10-2018.vcxproj", "{F96AA8F8-DBAE-41CD-8D35-60EF99D8734B}"
EndProject
Global
	GlobalSection(SolutionConfigurationPlatforms) = preSolution
		Debug|x64 = Debug|x64
		Debug|x86 = Debug|x86
		Release|x64 = Release|x64
		Release|x86 = Release|x86
	EndGlobalSection
	GlobalSection(ProjectConfigurationPlatforms) = postSolution
		{F96AA8F8-DBAE-41CD-8D35-60EF99D8734B}.Debug|x64.ActiveCfg = Debug|x64
		{F96AA8F8-DBAE-41CD-8D35-60EF99D8734B}.Debug|x64.Build.0 = Debug|x64
		{F96AA8F8-DBAE-41CD-8D35-60EF99D8734B}.Debug|x86.ActiveCfg = Debug|Win32
		{F96AA8F8-DBAE-41CD-8D35-60EF99D8734B}.Debug|x86.Build.0 = Debug|Win32
		{F96AA8F8-DBAE-41CD-8D35-60EF99D8734B}.Release|x64.ActiveCfg = Release|x64
		{F96AA8F8-DBAE-41CD-8D35-60EF99D8734B}.Release|x64.Build.0 = Release|x64
		{F96AA8F8-DBAE-41CD-8D35-60EF99D8734B}.Release|x86.ActiveCfg = Release|Win32
		{F96AA8F8-DBAE-41CD-8D35-60EF99D8734B}.Release|x86.Build.0 = Release|Win32
	EndGlobalSection
	GlobalSection(SolutionProperties) = preSolution
		HideSolutionNode = FALSE
	EndGlobalSection
	GlobalSection(ExtensibilityGlobals) = postSolution
		SolutionGuid = {89925483-F2AD-49C7-8C7C-3D0BFC605109}
	EndGlobalSection
EndGlobal
